// !$*UTF8*$!
{
	archiveVersion = 1;
	classes = {
	};
	objectVersion = 77;
	objects = {

/* Begin PBXContainerItemProxy section */
		9B1BB09C2CC0BB7700E6CEDD /* PBXContainerItemProxy */ = {
			isa = PBXContainerItemProxy;
			containerPortal = 9B1BB07D2CC0BB7500E6CEDD /* Project object */;
			proxyType = 1;
			remoteGlobalIDString = 9B1BB0842CC0BB7500E6CEDD;
			remoteInfo = GHFollowers;
		};
		9B1BB0A62CC0BB7700E6CEDD /* PBXContainerItemProxy */ = {
			isa = PBXContainerItemProxy;
			containerPortal = 9B1BB07D2CC0BB7500E6CEDD /* Project object */;
			proxyType = 1;
			remoteGlobalIDString = 9B1BB0842CC0BB7500E6CEDD;
			remoteInfo = GHFollowers;
		};
/* End PBXContainerItemProxy section */

/* Begin PBXFileReference section */
		9B1BB0852CC0BB7500E6CEDD /* GHFollowers.app */ = {isa = PBXFileReference; explicitFileType = wrapper.application; includeInIndex = 0; path = GHFollowers.app; sourceTree = BUILT_PRODUCTS_DIR; };
		9B1BB09B2CC0BB7700E6CEDD /* GHFollowersTests.xctest */ = {isa = PBXFileReference; explicitFileType = wrapper.cfbundle; includeInIndex = 0; path = GHFollowersTests.xctest; sourceTree = BUILT_PRODUCTS_DIR; };
		9B1BB0A52CC0BB7700E6CEDD /* GHFollowersUITests.xctest */ = {isa = PBXFileReference; explicitFileType = wrapper.cfbundle; includeInIndex = 0; path = GHFollowersUITests.xctest; sourceTree = BUILT_PRODUCTS_DIR; };
/* End PBXFileReference section */

/* Begin PBXFileSystemSynchronizedBuildFileExceptionSet section */
		9B1BB0AD2CC0BB7700E6CEDD /* Exceptions for "GHFollowers" folder in "GHFollowers" target */ = {
			isa = PBXFileSystemSynchronizedBuildFileExceptionSet;
			membershipExceptions = (
				Info.plist,
			);
			target = 9B1BB0842CC0BB7500E6CEDD /* GHFollowers */;
		};
/* End PBXFileSystemSynchronizedBuildFileExceptionSet section */

/* Begin PBXFileSystemSynchronizedRootGroup section */
		9B1BB0872CC0BB7500E6CEDD /* GHFollowers */ = {
			isa = PBXFileSystemSynchronizedRootGroup;
			exceptions = (
				9B1BB0AD2CC0BB7700E6CEDD /* Exceptions for "GHFollowers" folder in "GHFollowers" target */,
			);
			path = GHFollowers;
			sourceTree = "<group>";
		};
		9B1BB09E2CC0BB7700E6CEDD /* GHFollowersTests */ = {
			isa = PBXFileSystemSynchronizedRootGroup;
			path = GHFollowersTests;
			sourceTree = "<group>";
		};
		9B1BB0A82CC0BB7700E6CEDD /* GHFollowersUITests */ = {
			isa = PBXFileSystemSynchronizedRootGroup;
			path = GHFollowersUITests;
			sourceTree = "<group>";
		};
/* End PBXFileSystemSynchronizedRootGroup section */

/* Begin PBXFrameworksBuildPhase section */
		9B1BB0822CC0BB7500E6CEDD /* Frameworks */ = {
			isa = PBXFrameworksBuildPhase;
			buildActionMask = 2147483647;
			files = (
			);
			runOnlyForDeploymentPostprocessing = 0;
		};
		9B1BB0982CC0BB7700E6CEDD /* Frameworks */ = {
			isa = PBXFrameworksBuildPhase;
			buildActionMask = 2147483647;
			files = (
			);
			runOnlyForDeploymentPostprocessing = 0;
		};
		9B1BB0A22CC0BB7700E6CEDD /* Frameworks */ = {
			isa = PBXFrameworksBuildPhase;
			buildActionMask = 2147483647;
			files = (
			);
			runOnlyForDeploymentPostprocessing = 0;
		};
/* End PBXFrameworksBuildPhase section */

/* Begin PBXGroup section */
		9B1BB07C2CC0BB7500E6CEDD = {
			isa = PBXGroup;
			children = (
				9B1BB0872CC0BB7500E6CEDD /* GHFollowers */,
				9B1BB09E2CC0BB7700E6CEDD /* GHFollowersTests */,
				9B1BB0A82CC0BB7700E6CEDD /* GHFollowersUITests */,
				9B1BB0862CC0BB7500E6CEDD /* Products */,
			);
			sourceTree = "<group>";
		};
		9B1BB0862CC0BB7500E6CEDD /* Products */ = {
			isa = PBXGroup;
			children = (
				9B1BB0852CC0BB7500E6CEDD /* GHFollowers.app */,
				9B1BB09B2CC0BB7700E6CEDD /* GHFollowersTests.xctest */,
				9B1BB0A52CC0BB7700E6CEDD /* GHFollowersUITests.xctest */,
			);
			name = Products;
			sourceTree = "<group>";
		};
/* End PBXGroup section */

/* Begin PBXNativeTarget section */
		9B1BB0842CC0BB7500E6CEDD /* GHFollowers */ = {
			isa = PBXNativeTarget;
			buildConfigurationList = 9B1BB0AE2CC0BB7700E6CEDD /* Build configuration list for PBXNativeTarget "GHFollowers" */;
			buildPhases = (
				9B1BB0812CC0BB7500E6CEDD /* Sources */,
				9B1BB0822CC0BB7500E6CEDD /* Frameworks */,
				9B1BB0832CC0BB7500E6CEDD /* Resources */,
			);
			buildRules = (
			);
			dependencies = (
			);
			fileSystemSynchronizedGroups = (
				9B1BB0872CC0BB7500E6CEDD /* GHFollowers */,
			);
			name = GHFollowers;
			packageProductDependencies = (
			);
			productName = GHFollowers;
			productReference = 9B1BB0852CC0BB7500E6CEDD /* GHFollowers.app */;
			productType = "com.apple.product-type.application";
		};
		9B1BB09A2CC0BB7700E6CEDD /* GHFollowersTests */ = {
			isa = PBXNativeTarget;
			buildConfigurationList = 9B1BB0B32CC0BB7700E6CEDD /* Build configuration list for PBXNativeTarget "GHFollowersTests" */;
			buildPhases = (
				9B1BB0972CC0BB7700E6CEDD /* Sources */,
				9B1BB0982CC0BB7700E6CEDD /* Frameworks */,
				9B1BB0992CC0BB7700E6CEDD /* Resources */,
			);
			buildRules = (
			);
			dependencies = (
				9B1BB09D2CC0BB7700E6CEDD /* PBXTargetDependency */,
			);
			fileSystemSynchronizedGroups = (
				9B1BB09E2CC0BB7700E6CEDD /* GHFollowersTests */,
			);
			name = GHFollowersTests;
			packageProductDependencies = (
			);
			productName = GHFollowersTests;
			productReference = 9B1BB09B2CC0BB7700E6CEDD /* GHFollowersTests.xctest */;
			productType = "com.apple.product-type.bundle.unit-test";
		};
		9B1BB0A42CC0BB7700E6CEDD /* GHFollowersUITests */ = {
			isa = PBXNativeTarget;
			buildConfigurationList = 9B1BB0B62CC0BB7700E6CEDD /* Build configuration list for PBXNativeTarget "GHFollowersUITests" */;
			buildPhases = (
				9B1BB0A12CC0BB7700E6CEDD /* Sources */,
				9B1BB0A22CC0BB7700E6CEDD /* Frameworks */,
				9B1BB0A32CC0BB7700E6CEDD /* Resources */,
			);
			buildRules = (
			);
			dependencies = (
				9B1BB0A72CC0BB7700E6CEDD /* PBXTargetDependency */,
			);
			fileSystemSynchronizedGroups = (
				9B1BB0A82CC0BB7700E6CEDD /* GHFollowersUITests */,
			);
			name = GHFollowersUITests;
			packageProductDependencies = (
			);
			productName = GHFollowersUITests;
			productReference = 9B1BB0A52CC0BB7700E6CEDD /* GHFollowersUITests.xctest */;
			productType = "com.apple.product-type.bundle.ui-testing";
		};
/* End PBXNativeTarget section */

/* Begin PBXProject section */
		9B1BB07D2CC0BB7500E6CEDD /* Project object */ = {
			isa = PBXProject;
			attributes = {
				BuildIndependentTargetsInParallel = 1;
				LastSwiftUpdateCheck = 1600;
				LastUpgradeCheck = 1600;
				TargetAttributes = {
					9B1BB0842CC0BB7500E6CEDD = {
						CreatedOnToolsVersion = 16.0;
					};
					9B1BB09A2CC0BB7700E6CEDD = {
						CreatedOnToolsVersion = 16.0;
						TestTargetID = 9B1BB0842CC0BB7500E6CEDD;
					};
					9B1BB0A42CC0BB7700E6CEDD = {
						CreatedOnToolsVersion = 16.0;
						TestTargetID = 9B1BB0842CC0BB7500E6CEDD;
					};
				};
			};
			buildConfigurationList = 9B1BB0802CC0BB7500E6CEDD /* Build configuration list for PBXProject "GHFollowers" */;
			developmentRegion = en;
			hasScannedForEncodings = 0;
			knownRegions = (
				en,
				Base,
			);
			mainGroup = 9B1BB07C2CC0BB7500E6CEDD;
			minimizedProjectReferenceProxies = 1;
			preferredProjectObjectVersion = 77;
			productRefGroup = 9B1BB0862CC0BB7500E6CEDD /* Products */;
			projectDirPath = "";
			projectRoot = "";
			targets = (
				9B1BB0842CC0BB7500E6CEDD /* GHFollowers */,
				9B1BB09A2CC0BB7700E6CEDD /* GHFollowersTests */,
				9B1BB0A42CC0BB7700E6CEDD /* GHFollowersUITests */,
			);
		};
/* End PBXProject section */

/* Begin PBXResourcesBuildPhase section */
		9B1BB0832CC0BB7500E6CEDD /* Resources */ = {
			isa = PBXResourcesBuildPhase;
			buildActionMask = 2147483647;
			files = (
			);
			runOnlyForDeploymentPostprocessing = 0;
		};
		9B1BB0992CC0BB7700E6CEDD /* Resources */ = {
			isa = PBXResourcesBuildPhase;
			buildActionMask = 2147483647;
			files = (
			);
			runOnlyForDeploymentPostprocessing = 0;
		};
		9B1BB0A32CC0BB7700E6CEDD /* Resources */ = {
			isa = PBXResourcesBuildPhase;
			buildActionMask = 2147483647;
			files = (
			);
			runOnlyForDeploymentPostprocessing = 0;
		};
/* End PBXResourcesBuildPhase section */

/* Begin PBXSourcesBuildPhase section */
		9B1BB0812CC0BB7500E6CEDD /* Sources */ = {
			isa = PBXSourcesBuildPhase;
			buildActionMask = 2147483647;
			files = (
			);
			runOnlyForDeploymentPostprocessing = 0;
		};
		9B1BB0972CC0BB7700E6CEDD /* Sources */ = {
			isa = PBXSourcesBuildPhase;
			buildActionMask = 2147483647;
			files = (
			);
			runOnlyForDeploymentPostprocessing = 0;
		};
		9B1BB0A12CC0BB7700E6CEDD /* Sources */ = {
			isa = PBXSourcesBuildPhase;
			buildActionMask = 2147483647;
			files = (
			);
			runOnlyForDeploymentPostprocessing = 0;
		};
/* End PBXSourcesBuildPhase section */

/* Begin PBXTargetDependency section */
		9B1BB09D2CC0BB7700E6CEDD /* PBXTargetDependency */ = {
			isa = PBXTargetDependency;
			target = 9B1BB0842CC0BB7500E6CEDD /* GHFollowers */;
			targetProxy = 9B1BB09C2CC0BB7700E6CEDD /* PBXContainerItemProxy */;
		};
		9B1BB0A72CC0BB7700E6CEDD /* PBXTargetDependency */ = {
			isa = PBXTargetDependency;
			target = 9B1BB0842CC0BB7500E6CEDD /* GHFollowers */;
			targetProxy = 9B1BB0A62CC0BB7700E6CEDD /* PBXContainerItemProxy */;
		};
/* End PBXTargetDependency section */

/* Begin XCBuildConfiguration section */
		9B1BB0AF2CC0BB7700E6CEDD /* Debug */ = {
			isa = XCBuildConfiguration;
			buildSettings = {
				ASSETCATALOG_COMPILER_APPICON_NAME = AppIcon;
				ASSETCATALOG_COMPILER_GLOBAL_ACCENT_COLOR_NAME = AccentColor;
				CODE_SIGN_STYLE = Automatic;
				CURRENT_PROJECT_VERSION = 1;
				GENERATE_INFOPLIST_FILE = YES;
				INFOPLIST_FILE = GHFollowers/Info.plist;
				INFOPLIST_KEY_UIApplicationSupportsIndirectInputEvents = YES;
				INFOPLIST_KEY_UILaunchStoryboardName = LaunchScreen;
				INFOPLIST_KEY_UISupportedInterfaceOrientations = UIInterfaceOrientationPortrait;
				LD_RUNPATH_SEARCH_PATHS = (
					"$(inherited)",
					"@executable_path/Frameworks",
				);
				MARKETING_VERSION = 1.0;
				PRODUCT_BUNDLE_IDENTIFIER = com.test.GHFollowers;
				PRODUCT_NAME = "$(TARGET_NAME)";
				SWIFT_EMIT_LOC_STRINGS = YES;
				SWIFT_VERSION = 5.0;
				TARGETED_DEVICE_FAMILY = "1,2";
			};
			name = Debug;
		};
		9B1BB0B02CC0BB7700E6CEDD /* Release */ = {
			isa = XCBuildConfiguration;
			buildSettings = {
				ASSETCATALOG_COMPILER_APPICON_NAME = AppIcon;
				ASSETCATALOG_COMPILER_GLOBAL_ACCENT_COLOR_NAME = AccentColor;
				CODE_SIGN_STYLE = Automatic;
				CURRENT_PROJECT_VERSION = 1;
				GENERATE_INFOPLIST_FILE = YES;
				INFOPLIST_FILE = GHFollowers/Info.plist;
				INFOPLIST_KEY_UIApplicationSupportsIndirectInputEvents = YES;
				INFOPLIST_KEY_UILaunchStoryboardName = LaunchScreen;
				INFOPLIST_KEY_UISupportedInterfaceOrientations = UIInterfaceOrientationPortrait;
				LD_RUNPATH_SEARCH_PATHS = (
					"$(inherited)",
					"@executable_path/Frameworks",
				);
				MARKETING_VERSION = 1.0;
				PRODUCT_BUNDLE_IDENTIFIER = com.test.GHFollowers;
				PRODUCT_NAME = "$(TARGET_NAME)";
				SWIFT_EMIT_LOC_STRINGS = YES;
				SWIFT_VERSION = 5.0;
				TARGETED_DEVICE_FAMILY = "1,2";
			};
			name = Release;
		};
		9B1BB0B12CC0BB7700E6CEDD /* Debug */ = {
			isa = XCBuildConfiguration;
			buildSettings = {
				ALWAYS_SEARCH_USER_PATHS = NO;
				ASSETCATALOG_COMPILER_GENERATE_SWIFT_ASSET_SYMBOL_EXTENSIONS = YES;
				CLANG_ANALYZER_NONNULL = YES;
				CLANG_ANALYZER_NUMBER_OBJECT_CONVERSION = YES_AGGRESSIVE;
				CLANG_CXX_LANGUAGE_STANDARD = "gnu++20";
				CLANG_ENABLE_MODULES = YES;
				CLANG_ENABLE_OBJC_ARC = YES;
				CLANG_ENABLE_OBJC_WEAK = YES;
				CLANG_WARN_BLOCK_CAPTURE_AUTORELEASING = YES;
				CLANG_WARN_BOOL_CONVERSION = YES;
				CLANG_WARN_COMMA = YES;
				CLANG_WARN_CONSTANT_CONVERSION = YES;
				CLANG_WARN_DEPRECATED_OBJC_IMPLEMENTATIONS = YES;
				CLANG_WARN_DIRECT_OBJC_ISA_USAGE = YES_ERROR;
				CLANG_WARN_DOCUMENTATION_COMMENTS = YES;
				CLANG_WARN_EMPTY_BODY = YES;
				CLANG_WARN_ENUM_CONVERSION = YES;
				CLANG_WARN_INFINITE_RECURSION = YES;
				CLANG_WARN_INT_CONVERSION = YES;
				CLANG_WARN_NON_LITERAL_NULL_CONVERSION = YES;
				CLANG_WARN_OBJC_IMPLICIT_RETAIN_SELF = YES;
				CLANG_WARN_OBJC_LITERAL_CONVERSION = YES;
				CLANG_WARN_OBJC_ROOT_CLASS = YES_ERROR;
				CLANG_WARN_QUOTED_INCLUDE_IN_FRAMEWORK_HEADER = YES;
				CLANG_WARN_RANGE_LOOP_ANALYSIS = YES;
				CLANG_WARN_STRICT_PROTOTYPES = YES;
				CLANG_WARN_SUSPICIOUS_MOVE = YES;
				CLANG_WARN_UNGUARDED_AVAILABILITY = YES_AGGRESSIVE;
				CLANG_WARN_UNREACHABLE_CODE = YES;
				CLANG_WARN__DUPLICATE_METHOD_MATCH = YES;
				COPY_PHASE_STRIP = NO;
				DEBUG_INFORMATION_FORMAT = dwarf;
				ENABLE_STRICT_OBJC_MSGSEND = YES;
				ENABLE_TESTABILITY = YES;
				ENABLE_USER_SCRIPT_SANDBOXING = YES;
				GCC_C_LANGUAGE_STANDARD = gnu17;
				GCC_DYNAMIC_NO_PIC = NO;
				GCC_NO_COMMON_BLOCKS = YES;
				GCC_OPTIMIZATION_LEVEL = 0;
				GCC_PREPROCESSOR_DEFINITIONS = (
					"DEBUG=1",
					"$(inherited)",
				);
				GCC_WARN_64_TO_32_BIT_CONVERSION = YES;
				GCC_WARN_ABOUT_RETURN_TYPE = YES_ERROR;
				GCC_WARN_UNDECLARED_SELECTOR = YES;
				GCC_WARN_UNINITIALIZED_AUTOS = YES_AGGRESSIVE;
				GCC_WARN_UNUSED_FUNCTION = YES;
				GCC_WARN_UNUSED_VARIABLE = YES;
				IPHONEOS_DEPLOYMENT_TARGET = 18.0;
				LOCALIZATION_PREFERS_STRING_CATALOGS = YES;
				MTL_ENABLE_DEBUG_INFO = INCLUDE_SOURCE;
				MTL_FAST_MATH = YES;
				ONLY_ACTIVE_ARCH = YES;
				SDKROOT = iphoneos;
				SWIFT_ACTIVE_COMPILATION_CONDITIONS = "DEBUG $(inherited)";
				SWIFT_OPTIMIZATION_LEVEL = "-Onone";
			};
			name = Debug;
		};
		9B1BB0B22CC0BB7700E6CEDD /* Release */ = {
			isa = XCBuildConfiguration;
			buildSettings = {
				ALWAYS_SEARCH_USER_PATHS = NO;
				ASSETCATALOG_COMPILER_GENERATE_SWIFT_ASSET_SYMBOL_EXTENSIONS = YES;
				CLANG_ANALYZER_NONNULL = YES;
				CLANG_ANALYZER_NUMBER_OBJECT_CONVERSION = YES_AGGRESSIVE;
				CLANG_CXX_LANGUAGE_STANDARD = "gnu++20";
				CLANG_ENABLE_MODULES = YES;
				CLANG_ENABLE_OBJC_ARC = YES;
				CLANG_ENABLE_OBJC_WEAK = YES;
				CLANG_WARN_BLOCK_CAPTURE_AUTORELEASING = YES;
				CLANG_WARN_BOOL_CONVERSION = YES;
				CLANG_WARN_COMMA = YES;
				CLANG_WARN_CONSTANT_CONVERSION = YES;
				CLANG_WARN_DEPRECATED_OBJC_IMPLEMENTATIONS = YES;
				CLANG_WARN_DIRECT_OBJC_ISA_USAGE = YES_ERROR;
				CLANG_WARN_DOCUMENTATION_COMMENTS = YES;
				CLANG_WARN_EMPTY_BODY = YES;
				CLANG_WARN_ENUM_CONVERSION = YES;
				CLANG_WARN_INFINITE_RECURSION = YES;
				CLANG_WARN_INT_CONVERSION = YES;
				CLANG_WARN_NON_LITERAL_NULL_CONVERSION = YES;
				CLANG_WARN_OBJC_IMPLICIT_RETAIN_SELF = YES;
				CLANG_WARN_OBJC_LITERAL_CONVERSION = YES;
				CLANG_WARN_OBJC_ROOT_CLASS = YES_ERROR;
				CLANG_WARN_QUOTED_INCLUDE_IN_FRAMEWORK_HEADER = YES;
				CLANG_WARN_RANGE_LOOP_ANALYSIS = YES;
				CLANG_WARN_STRICT_PROTOTYPES = YES;
				CLANG_WARN_SUSPICIOUS_MOVE = YES;
				CLANG_WARN_UNGUARDED_AVAILABILITY = YES_AGGRESSIVE;
				CLANG_WARN_UNREACHABLE_CODE = YES;
				CLANG_WARN__DUPLICATE_METHOD_MATCH = YES;
				COPY_PHASE_STRIP = NO;
				DEBUG_INFORMATION_FORMAT = "dwarf-with-dsym";
				ENABLE_NS_ASSERTIONS = NO;
				ENABLE_STRICT_OBJC_MSGSEND = YES;
				ENABLE_USER_SCRIPT_SANDBOXING = YES;
				GCC_C_LANGUAGE_STANDARD = gnu17;
				GCC_NO_COMMON_BLOCKS = YES;
				GCC_WARN_64_TO_32_BIT_CONVERSION = YES;
				GCC_WARN_ABOUT_RETURN_TYPE = YES_ERROR;
				GCC_WARN_UNDECLARED_SELECTOR = YES;
				GCC_WARN_UNINITIALIZED_AUTOS = YES_AGGRESSIVE;
				GCC_WARN_UNUSED_FUNCTION = YES;
				GCC_WARN_UNUSED_VARIABLE = YES;
				IPHONEOS_DEPLOYMENT_TARGET = 18.0;
				LOCALIZATION_PREFERS_STRING_CATALOGS = YES;
				MTL_ENABLE_DEBUG_INFO = NO;
				MTL_FAST_MATH = YES;
				SDKROOT = iphoneos;
				SWIFT_COMPILATION_MODE = wholemodule;
				VALIDATE_PRODUCT = YES;
			};
			name = Release;
		};
		9B1BB0B42CC0BB7700E6CEDD /* Debug */ = {
			isa = XCBuildConfiguration;
			buildSettings = {
				BUNDLE_LOADER = "$(TEST_HOST)";
				CODE_SIGN_STYLE = Automatic;
				CURRENT_PROJECT_VERSION = 1;
				GENERATE_INFOPLIST_FILE = YES;
				IPHONEOS_DEPLOYMENT_TARGET = 18.0;
				MARKETING_VERSION = 1.0;
				PRODUCT_BUNDLE_IDENTIFIER = com.test.GHFollowersTests;
				PRODUCT_NAME = "$(TARGET_NAME)";
				SWIFT_EMIT_LOC_STRINGS = NO;
				SWIFT_VERSION = 5.0;
				TARGETED_DEVICE_FAMILY = "1,2";
				TEST_HOST = "$(BUILT_PRODUCTS_DIR)/GHFollowers.app/$(BUNDLE_EXECUTABLE_FOLDER_PATH)/GHFollowers";
			};
			name = Debug;
		};
		9B1BB0B52CC0BB7700E6CEDD /* Release */ = {
			isa = XCBuildConfiguration;
			buildSettings = {
				BUNDLE_LOADER = "$(TEST_HOST)";
				CODE_SIGN_STYLE = Automatic;
				CURRENT_PROJECT_VERSION = 1;
				GENERATE_INFOPLIST_FILE = YES;
				IPHONEOS_DEPLOYMENT_TARGET = 18.0;
				MARKETING_VERSION = 1.0;
				PRODUCT_BUNDLE_IDENTIFIER = com.test.GHFollowersTests;
				PRODUCT_NAME = "$(TARGET_NAME)";
				SWIFT_EMIT_LOC_STRINGS = NO;
				SWIFT_VERSION = 5.0;
				TARGETED_DEVICE_FAMILY = "1,2";
				TEST_HOST = "$(BUILT_PRODUCTS_DIR)/GHFollowers.app/$(BUNDLE_EXECUTABLE_FOLDER_PATH)/GHFollowers";
			};
			name = Release;
		};
		9B1BB0B72CC0BB7700E6CEDD /* Debug */ = {
			isa = XCBuildConfiguration;
			buildSettings = {
				CODE_SIGN_STYLE = Automatic;
				CURRENT_PROJECT_VERSION = 1;
				GENERATE_INFOPLIST_FILE = YES;
				MARKETING_VERSION = 1.0;
				PRODUCT_BUNDLE_IDENTIFIER = com.test.GHFollowersUITests;
				PRODUCT_NAME = "$(TARGET_NAME)";
				SWIFT_EMIT_LOC_STRINGS = NO;
				SWIFT_VERSION = 5.0;
				TARGETED_DEVICE_FAMILY = "1,2";
				TEST_TARGET_NAME = GHFollowers;
			};
			name = Debug;
		};
		9B1BB0B82CC0BB7700E6CEDD /* Release */ = {
			isa = XCBuildConfiguration;
			buildSettings = {
				CODE_SIGN_STYLE = Automatic;
				CURRENT_PROJECT_VERSION = 1;
				GENERATE_INFOPLIST_FILE = YES;
				MARKETING_VERSION = 1.0;
				PRODUCT_BUNDLE_IDENTIFIER = com.test.GHFollowersUITests;
				PRODUCT_NAME = "$(TARGET_NAME)";
				SWIFT_EMIT_LOC_STRINGS = NO;
				SWIFT_VERSION = 5.0;
				TARGETED_DEVICE_FAMILY = "1,2";
				TEST_TARGET_NAME = GHFollowers;
			};
			name = Release;
		};
/* End XCBuildConfiguration section */

/* Begin XCConfigurationList section */
		9B1BB0802CC0BB7500E6CEDD /* Build configuration list for PBXProject "GHFollowers" */ = {
			isa = XCConfigurationList;
			buildConfigurations = (
				9B1BB0B12CC0BB7700E6CEDD /* Debug */,
				9B1BB0B22CC0BB7700E6CEDD /* Release */,
			);
			defaultConfigurationIsVisible = 0;
			defaultConfigurationName = Release;
		};
		9B1BB0AE2CC0BB7700E6CEDD /* Build configuration list for PBXNativeTarget "GHFollowers" */ = {
			isa = XCConfigurationList;
			buildConfigurations = (
				9B1BB0AF2CC0BB7700E6CEDD /* Debug */,
				9B1BB0B02CC0BB7700E6CEDD /* Release */,
			);
			defaultConfigurationIsVisible = 0;
			defaultConfigurationName = Release;
		};
		9B1BB0B32CC0BB7700E6CEDD /* Build configuration list for PBXNativeTarget "GHFollowersTests" */ = {
			isa = XCConfigurationList;
			buildConfigurations = (
				9B1BB0B42CC0BB7700E6CEDD /* Debug */,
				9B1BB0B52CC0BB7700E6CEDD /* Release */,
			);
			defaultConfigurationIsVisible = 0;
			defaultConfigurationName = Release;
		};
		9B1BB0B62CC0BB7700E6CEDD /* Build configuration list for PBXNativeTarget "GHFollowersUITests" */ = {
			isa = XCConfigurationList;
			buildConfigurations = (
				9B1BB0B72CC0BB7700E6CEDD /* Debug */,
				9B1BB0B82CC0BB7700E6CEDD /* Release */,
			);
			defaultConfigurationIsVisible = 0;
			defaultConfigurationName = Release;
		};
/* End XCConfigurationList section */
	};
	rootObject = 9B1BB07D2CC0BB7500E6CEDD /* Project object */;
}
