// !$*UTF8*$!
{
	archiveVersion = 1;
	classes = {
	};
	objectVersion = 77;
	objects = {

/* Begin PBXContainerItemProxy section */
		9B3928E12CC50B3E00773082 /* PBXContainerItemProxy */ = {
			isa = PBXContainerItemProxy;
			containerPortal = 9B3928C22CC50B3C00773082 /* Project object */;
			proxyType = 1;
			remoteGlobalIDString = 9B3928C92CC50B3C00773082;
			remoteInfo = "Programmatic-UI";
		};
		9B3928EB2CC50B3E00773082 /* PBXContainerItemProxy */ = {
			isa = PBXContainerItemProxy;
			containerPortal = 9B3928C22CC50B3C00773082 /* Project object */;
			proxyType = 1;
			remoteGlobalIDString = 9B3928C92CC50B3C00773082;
			remoteInfo = "Programmatic-UI";
		};
/* End PBXContainerItemProxy section */

/* Begin PBXFileReference section */
		9B3928CA2CC50B3C00773082 /* Programmatic-UI.app */ = {isa = PBXFileReference; explicitFileType = wrapper.application; includeInIndex = 0; path = "Programmatic-UI.app"; sourceTree = BUILT_PRODUCTS_DIR; };
		9B3928E02CC50B3E00773082 /* Programmatic-UITests.xctest */ = {isa = PBXFileReference; explicitFileType = wrapper.cfbundle; includeInIndex = 0; path = "Programmatic-UITests.xctest"; sourceTree = BUILT_PRODUCTS_DIR; };
		9B3928EA2CC50B3E00773082 /* Programmatic-UIUITests.xctest */ = {isa = PBXFileReference; explicitFileType = wrapper.cfbundle; includeInIndex = 0; path = "Programmatic-UIUITests.xctest"; sourceTree = BUILT_PRODUCTS_DIR; };
/* End PBXFileReference section */

/* Begin PBXFileSystemSynchronizedBuildFileExceptionSet section */
		9B3928F22CC50B3E00773082 /* Exceptions for "Programmatic-UI" folder in "Programmatic-UI" target */ = {
			isa = PBXFileSystemSynchronizedBuildFileExceptionSet;
			membershipExceptions = (
				Info.plist,
			);
			target = 9B3928C92CC50B3C00773082 /* Programmatic-UI */;
		};
/* End PBXFileSystemSynchronizedBuildFileExceptionSet section */

/* Begin PBXFileSystemSynchronizedRootGroup section */
		9B3928CC2CC50B3C00773082 /* Programmatic-UI */ = {
			isa = PBXFileSystemSynchronizedRootGroup;
			exceptions = (
				9B3928F22CC50B3E00773082 /* Exceptions for "Programmatic-UI" folder in "Programmatic-UI" target */,
			);
			path = "Programmatic-UI";
			sourceTree = "<group>";
		};
		9B3928E32CC50B3E00773082 /* Programmatic-UITests */ = {
			isa = PBXFileSystemSynchronizedRootGroup;
			path = "Programmatic-UITests";
			sourceTree = "<group>";
		};
		9B3928ED2CC50B3E00773082 /* Programmatic-UIUITests */ = {
			isa = PBXFileSystemSynchronizedRootGroup;
			path = "Programmatic-UIUITests";
			sourceTree = "<group>";
		};
/* End PBXFileSystemSynchronizedRootGroup section */

/* Begin PBXFrameworksBuildPhase section */
		9B3928C72CC50B3C00773082 /* Frameworks */ = {
			isa = PBXFrameworksBuildPhase;
			buildActionMask = 2147483647;
			files = (
			);
			runOnlyForDeploymentPostprocessing = 0;
		};
		9B3928DD2CC50B3E00773082 /* Frameworks */ = {
			isa = PBXFrameworksBuildPhase;
			buildActionMask = 2147483647;
			files = (
			);
			runOnlyForDeploymentPostprocessing = 0;
		};
		9B3928E72CC50B3E00773082 /* Frameworks */ = {
			isa = PBXFrameworksBuildPhase;
			buildActionMask = 2147483647;
			files = (
			);
			runOnlyForDeploymentPostprocessing = 0;
		};
/* End PBXFrameworksBuildPhase section */

/* Begin PBXGroup section */
		9B3928C12CC50B3C00773082 = {
			isa = PBXGroup;
			children = (
				9B3928CC2CC50B3C00773082 /* Programmatic-UI */,
				9B3928E32CC50B3E00773082 /* Programmatic-UITests */,
				9B3928ED2CC50B3E00773082 /* Programmatic-UIUITests */,
				9B3928CB2CC50B3C00773082 /* Products */,
			);
			sourceTree = "<group>";
		};
		9B3928CB2CC50B3C00773082 /* Products */ = {
			isa = PBXGroup;
			children = (
				9B3928CA2CC50B3C00773082 /* Programmatic-UI.app */,
				9B3928E02CC50B3E00773082 /* Programmatic-UITests.xctest */,
				9B3928EA2CC50B3E00773082 /* Programmatic-UIUITests.xctest */,
			);
			name = Products;
			sourceTree = "<group>";
		};
/* End PBXGroup section */

/* Begin PBXNativeTarget section */
		9B3928C92CC50B3C00773082 /* Programmatic-UI */ = {
			isa = PBXNativeTarget;
			buildConfigurationList = 9B3928F32CC50B3E00773082 /* Build configuration list for PBXNativeTarget "Programmatic-UI" */;
			buildPhases = (
				9B3928C62CC50B3C00773082 /* Sources */,
				9B3928C72CC50B3C00773082 /* Frameworks */,
				9B3928C82CC50B3C00773082 /* Resources */,
			);
			buildRules = (
			);
			dependencies = (
			);
			fileSystemSynchronizedGroups = (
				9B3928CC2CC50B3C00773082 /* Programmatic-UI */,
			);
			name = "Programmatic-UI";
			packageProductDependencies = (
			);
			productName = "Programmatic-UI";
			productReference = 9B3928CA2CC50B3C00773082 /* Programmatic-UI.app */;
			productType = "com.apple.product-type.application";
		};
		9B3928DF2CC50B3E00773082 /* Programmatic-UITests */ = {
			isa = PBXNativeTarget;
			buildConfigurationList = 9B3928F82CC50B3E00773082 /* Build configuration list for PBXNativeTarget "Programmatic-UITests" */;
			buildPhases = (
				9B3928DC2CC50B3E00773082 /* Sources */,
				9B3928DD2CC50B3E00773082 /* Frameworks */,
				9B3928DE2CC50B3E00773082 /* Resources */,
			);
			buildRules = (
			);
			dependencies = (
				9B3928E22CC50B3E00773082 /* PBXTargetDependency */,
			);
			fileSystemSynchronizedGroups = (
				9B3928E32CC50B3E00773082 /* Programmatic-UITests */,
			);
			name = "Programmatic-UITests";
			packageProductDependencies = (
			);
			productName = "Programmatic-UITests";
			productReference = 9B3928E02CC50B3E00773082 /* Programmatic-UITests.xctest */;
			productType = "com.apple.product-type.bundle.unit-test";
		};
		9B3928E92CC50B3E00773082 /* Programmatic-UIUITests */ = {
			isa = PBXNativeTarget;
			buildConfigurationList = 9B3928FB2CC50B3E00773082 /* Build configuration list for PBXNativeTarget "Programmatic-UIUITests" */;
			buildPhases = (
				9B3928E62CC50B3E00773082 /* Sources */,
				9B3928E72CC50B3E00773082 /* Frameworks */,
				9B3928E82CC50B3E00773082 /* Resources */,
			);
			buildRules = (
			);
			dependencies = (
				9B3928EC2CC50B3E00773082 /* PBXTargetDependency */,
			);
			fileSystemSynchronizedGroups = (
				9B3928ED2CC50B3E00773082 /* Programmatic-UIUITests */,
			);
			name = "Programmatic-UIUITests";
			packageProductDependencies = (
			);
			productName = "Programmatic-UIUITests";
			productReference = 9B3928EA2CC50B3E00773082 /* Programmatic-UIUITests.xctest */;
			productType = "com.apple.product-type.bundle.ui-testing";
		};
/* End PBXNativeTarget section */

/* Begin PBXProject section */
		9B3928C22CC50B3C00773082 /* Project object */ = {
			isa = PBXProject;
			attributes = {
				BuildIndependentTargetsInParallel = 1;
				LastSwiftUpdateCheck = 1600;
				LastUpgradeCheck = 1600;
				TargetAttributes = {
					9B3928C92CC50B3C00773082 = {
						CreatedOnToolsVersion = 16.0;
					};
					9B3928DF2CC50B3E00773082 = {
						CreatedOnToolsVersion = 16.0;
						TestTargetID = 9B3928C92CC50B3C00773082;
					};
					9B3928E92CC50B3E00773082 = {
						CreatedOnToolsVersion = 16.0;
						TestTargetID = 9B3928C92CC50B3C00773082;
					};
				};
			};
			buildConfigurationList = 9B3928C52CC50B3C00773082 /* Build configuration list for PBXProject "Programmatic-UI" */;
			developmentRegion = en;
			hasScannedForEncodings = 0;
			knownRegions = (
				en,
				Base,
			);
			mainGroup = 9B3928C12CC50B3C00773082;
			minimizedProjectReferenceProxies = 1;
			preferredProjectObjectVersion = 77;
			productRefGroup = 9B3928CB2CC50B3C00773082 /* Products */;
			projectDirPath = "";
			projectRoot = "";
			targets = (
				9B3928C92CC50B3C00773082 /* Programmatic-UI */,
				9B3928DF2CC50B3E00773082 /* Programmatic-UITests */,
				9B3928E92CC50B3E00773082 /* Programmatic-UIUITests */,
			);
		};
/* End PBXProject section */

/* Begin PBXResourcesBuildPhase section */
		9B3928C82CC50B3C00773082 /* Resources */ = {
			isa = PBXResourcesBuildPhase;
			buildActionMask = 2147483647;
			files = (
			);
			runOnlyForDeploymentPostprocessing = 0;
		};
		9B3928DE2CC50B3E00773082 /* Resources */ = {
			isa = PBXResourcesBuildPhase;
			buildActionMask = 2147483647;
			files = (
			);
			runOnlyForDeploymentPostprocessing = 0;
		};
		9B3928E82CC50B3E00773082 /* Resources */ = {
			isa = PBXResourcesBuildPhase;
			buildActionMask = 2147483647;
			files = (
			);
			runOnlyForDeploymentPostprocessing = 0;
		};
/* End PBXResourcesBuildPhase section */

/* Begin PBXSourcesBuildPhase section */
		9B3928C62CC50B3C00773082 /* Sources */ = {
			isa = PBXSourcesBuildPhase;
			buildActionMask = 2147483647;
			files = (
			);
			runOnlyForDeploymentPostprocessing = 0;
		};
		9B3928DC2CC50B3E00773082 /* Sources */ = {
			isa = PBXSourcesBuildPhase;
			buildActionMask = 2147483647;
			files = (
			);
			runOnlyForDeploymentPostprocessing = 0;
		};
		9B3928E62CC50B3E00773082 /* Sources */ = {
			isa = PBXSourcesBuildPhase;
			buildActionMask = 2147483647;
			files = (
			);
			runOnlyForDeploymentPostprocessing = 0;
		};
/* End PBXSourcesBuildPhase section */

/* Begin PBXTargetDependency section */
		9B3928E22CC50B3E00773082 /* PBXTargetDependency */ = {
			isa = PBXTargetDependency;
			target = 9B3928C92CC50B3C00773082 /* Programmatic-UI */;
			targetProxy = 9B3928E12CC50B3E00773082 /* PBXContainerItemProxy */;
		};
		9B3928EC2CC50B3E00773082 /* PBXTargetDependency */ = {
			isa = PBXTargetDependency;
			target = 9B3928C92CC50B3C00773082 /* Programmatic-UI */;
			targetProxy = 9B3928EB2CC50B3E00773082 /* PBXContainerItemProxy */;
		};
/* End PBXTargetDependency section */

/* Begin XCBuildConfiguration section */
		9B3928F42CC50B3E00773082 /* Debug */ = {
			isa = XCBuildConfiguration;
			buildSettings = {
				ASSETCATALOG_COMPILER_APPICON_NAME = AppIcon;
				ASSETCATALOG_COMPILER_GLOBAL_ACCENT_COLOR_NAME = AccentColor;
				CODE_SIGN_STYLE = Automatic;
				CURRENT_PROJECT_VERSION = 1;
				GENERATE_INFOPLIST_FILE = YES;
				INFOPLIST_FILE = "Programmatic-UI/Info.plist";
				INFOPLIST_KEY_UIApplicationSupportsIndirectInputEvents = YES;
				INFOPLIST_KEY_UILaunchStoryboardName = LaunchScreen;
				INFOPLIST_KEY_UISupportedInterfaceOrientations_iPad = "UIInterfaceOrientationPortrait UIInterfaceOrientationPortraitUpsideDown UIInterfaceOrientationLandscapeLeft UIInterfaceOrientationLandscapeRight";
				INFOPLIST_KEY_UISupportedInterfaceOrientations_iPhone = "UIInterfaceOrientationPortrait UIInterfaceOrientationLandscapeLeft UIInterfaceOrientationLandscapeRight";
				LD_RUNPATH_SEARCH_PATHS = (
					"$(inherited)",
					"@executable_path/Frameworks",
				);
				MARKETING_VERSION = 1.0;
				PRODUCT_BUNDLE_IDENTIFIER = "com.test.Programmatic-UI";
				PRODUCT_NAME = "$(TARGET_NAME)";
				SWIFT_EMIT_LOC_STRINGS = YES;
				SWIFT_VERSION = 5.0;
				TARGETED_DEVICE_FAMILY = "1,2";
			};
			name = Debug;
		};
		9B3928F52CC50B3E00773082 /* Release */ = {
			isa = XCBuildConfiguration;
			buildSettings = {
				ASSETCATALOG_COMPILER_APPICON_NAME = AppIcon;
				ASSETCATALOG_COMPILER_GLOBAL_ACCENT_COLOR_NAME = AccentColor;
				CODE_SIGN_STYLE = Automatic;
				CURRENT_PROJECT_VERSION = 1;
				GENERATE_INFOPLIST_FILE = YES;
				INFOPLIST_FILE = "Programmatic-UI/Info.plist";
				INFOPLIST_KEY_UIApplicationSupportsIndirectInputEvents = YES;
				INFOPLIST_KEY_UILaunchStoryboardName = LaunchScreen;
				INFOPLIST_KEY_UISupportedInterfaceOrientations_iPad = "UIInterfaceOrientationPortrait UIInterfaceOrientationPortraitUpsideDown UIInterfaceOrientationLandscapeLeft UIInterfaceOrientationLandscapeRight";
				INFOPLIST_KEY_UISupportedInterfaceOrientations_iPhone = "UIInterfaceOrientationPortrait UIInterfaceOrientationLandscapeLeft UIInterfaceOrientationLandscapeRight";
				LD_RUNPATH_SEARCH_PATHS = (
					"$(inherited)",
					"@executable_path/Frameworks",
				);
				MARKETING_VERSION = 1.0;
				PRODUCT_BUNDLE_IDENTIFIER = "com.test.Programmatic-UI";
				PRODUCT_NAME = "$(TARGET_NAME)";
				SWIFT_EMIT_LOC_STRINGS = YES;
				SWIFT_VERSION = 5.0;
				TARGETED_DEVICE_FAMILY = "1,2";
			};
			name = Release;
		};
		9B3928F62CC50B3E00773082 /* Debug */ = {
			isa = XCBuildConfiguration;
			buildSettings = {
				ALWAYS_SEARCH_USER_PATHS = NO;
				ASSETCATALOG_COMPILER_GENERATE_SWIFT_ASSET_SYMBOL_EXTENSIONS = YES;
				CLANG_ANALYZER_NONNULL = YES;
				CLANG_ANALYZER_NUMBER_OBJECT_CONVERSION = YES_AGGRESSIVE;
				CLANG_CXX_LANGUAGE_STANDARD = "gnu++20";
				CLANG_ENABLE_MODULES = YES;
				CLANG_ENABLE_OBJC_ARC = YES;
				CLANG_ENABLE_OBJC_WEAK = YES;
				CLANG_WARN_BLOCK_CAPTURE_AUTORELEASING = YES;
				CLANG_WARN_BOOL_CONVERSION = YES;
				CLANG_WARN_COMMA = YES;
				CLANG_WARN_CONSTANT_CONVERSION = YES;
				CLANG_WARN_DEPRECATED_OBJC_IMPLEMENTATIONS = YES;
				CLANG_WARN_DIRECT_OBJC_ISA_USAGE = YES_ERROR;
				CLANG_WARN_DOCUMENTATION_COMMENTS = YES;
				CLANG_WARN_EMPTY_BODY = YES;
				CLANG_WARN_ENUM_CONVERSION = YES;
				CLANG_WARN_INFINITE_RECURSION = YES;
				CLANG_WARN_INT_CONVERSION = YES;
				CLANG_WARN_NON_LITERAL_NULL_CONVERSION = YES;
				CLANG_WARN_OBJC_IMPLICIT_RETAIN_SELF = YES;
				CLANG_WARN_OBJC_LITERAL_CONVERSION = YES;
				CLANG_WARN_OBJC_ROOT_CLASS = YES_ERROR;
				CLANG_WARN_QUOTED_INCLUDE_IN_FRAMEWORK_HEADER = YES;
				CLANG_WARN_RANGE_LOOP_ANALYSIS = YES;
				CLANG_WARN_STRICT_PROTOTYPES = YES;
				CLANG_WARN_SUSPICIOUS_MOVE = YES;
				CLANG_WARN_UNGUARDED_AVAILABILITY = YES_AGGRESSIVE;
				CLANG_WARN_UNREACHABLE_CODE = YES;
				CLANG_WARN__DUPLICATE_METHOD_MATCH = YES;
				COPY_PHASE_STRIP = NO;
				DEBUG_INFORMATION_FORMAT = dwarf;
				ENABLE_STRICT_OBJC_MSGSEND = YES;
				ENABLE_TESTABILITY = YES;
				ENABLE_USER_SCRIPT_SANDBOXING = YES;
				GCC_C_LANGUAGE_STANDARD = gnu17;
				GCC_DYNAMIC_NO_PIC = NO;
				GCC_NO_COMMON_BLOCKS = YES;
				GCC_OPTIMIZATION_LEVEL = 0;
				GCC_PREPROCESSOR_DEFINITIONS = (
					"DEBUG=1",
					"$(inherited)",
				);
				GCC_WARN_64_TO_32_BIT_CONVERSION = YES;
				GCC_WARN_ABOUT_RETURN_TYPE = YES_ERROR;
				GCC_WARN_UNDECLARED_SELECTOR = YES;
				GCC_WARN_UNINITIALIZED_AUTOS = YES_AGGRESSIVE;
				GCC_WARN_UNUSED_FUNCTION = YES;
				GCC_WARN_UNUSED_VARIABLE = YES;
				IPHONEOS_DEPLOYMENT_TARGET = 18.0;
				LOCALIZATION_PREFERS_STRING_CATALOGS = YES;
				MTL_ENABLE_DEBUG_INFO = INCLUDE_SOURCE;
				MTL_FAST_MATH = YES;
				ONLY_ACTIVE_ARCH = YES;
				SDKROOT = iphoneos;
				SWIFT_ACTIVE_COMPILATION_CONDITIONS = "DEBUG $(inherited)";
				SWIFT_OPTIMIZATION_LEVEL = "-Onone";
			};
			name = Debug;
		};
		9B3928F72CC50B3E00773082 /* Release */ = {
			isa = XCBuildConfiguration;
			buildSettings = {
				ALWAYS_SEARCH_USER_PATHS = NO;
				ASSETCATALOG_COMPILER_GENERATE_SWIFT_ASSET_SYMBOL_EXTENSIONS = YES;
				CLANG_ANALYZER_NONNULL = YES;
				CLANG_ANALYZER_NUMBER_OBJECT_CONVERSION = YES_AGGRESSIVE;
				CLANG_CXX_LANGUAGE_STANDARD = "gnu++20";
				CLANG_ENABLE_MODULES = YES;
				CLANG_ENABLE_OBJC_ARC = YES;
				CLANG_ENABLE_OBJC_WEAK = YES;
				CLANG_WARN_BLOCK_CAPTURE_AUTORELEASING = YES;
				CLANG_WARN_BOOL_CONVERSION = YES;
				CLANG_WARN_COMMA = YES;
				CLANG_WARN_CONSTANT_CONVERSION = YES;
				CLANG_WARN_DEPRECATED_OBJC_IMPLEMENTATIONS = YES;
				CLANG_WARN_DIRECT_OBJC_ISA_USAGE = YES_ERROR;
				CLANG_WARN_DOCUMENTATION_COMMENTS = YES;
				CLANG_WARN_EMPTY_BODY = YES;
				CLANG_WARN_ENUM_CONVERSION = YES;
				CLANG_WARN_INFINITE_RECURSION = YES;
				CLANG_WARN_INT_CONVERSION = YES;
				CLANG_WARN_NON_LITERAL_NULL_CONVERSION = YES;
				CLANG_WARN_OBJC_IMPLICIT_RETAIN_SELF = YES;
				CLANG_WARN_OBJC_LITERAL_CONVERSION = YES;
				CLANG_WARN_OBJC_ROOT_CLASS = YES_ERROR;
				CLANG_WARN_QUOTED_INCLUDE_IN_FRAMEWORK_HEADER = YES;
				CLANG_WARN_RANGE_LOOP_ANALYSIS = YES;
				CLANG_WARN_STRICT_PROTOTYPES = YES;
				CLANG_WARN_SUSPICIOUS_MOVE = YES;
				CLANG_WARN_UNGUARDED_AVAILABILITY = YES_AGGRESSIVE;
				CLANG_WARN_UNREACHABLE_CODE = YES;
				CLANG_WARN__DUPLICATE_METHOD_MATCH = YES;
				COPY_PHASE_STRIP = NO;
				DEBUG_INFORMATION_FORMAT = "dwarf-with-dsym";
				ENABLE_NS_ASSERTIONS = NO;
				ENABLE_STRICT_OBJC_MSGSEND = YES;
				ENABLE_USER_SCRIPT_SANDBOXING = YES;
				GCC_C_LANGUAGE_STANDARD = gnu17;
				GCC_NO_COMMON_BLOCKS = YES;
				GCC_WARN_64_TO_32_BIT_CONVERSION = YES;
				GCC_WARN_ABOUT_RETURN_TYPE = YES_ERROR;
				GCC_WARN_UNDECLARED_SELECTOR = YES;
				GCC_WARN_UNINITIALIZED_AUTOS = YES_AGGRESSIVE;
				GCC_WARN_UNUSED_FUNCTION = YES;
				GCC_WARN_UNUSED_VARIABLE = YES;
				IPHONEOS_DEPLOYMENT_TARGET = 18.0;
				LOCALIZATION_PREFERS_STRING_CATALOGS = YES;
				MTL_ENABLE_DEBUG_INFO = NO;
				MTL_FAST_MATH = YES;
				SDKROOT = iphoneos;
				SWIFT_COMPILATION_MODE = wholemodule;
				VALIDATE_PRODUCT = YES;
			};
			name = Release;
		};
		9B3928F92CC50B3E00773082 /* Debug */ = {
			isa = XCBuildConfiguration;
			buildSettings = {
				BUNDLE_LOADER = "$(TEST_HOST)";
				CODE_SIGN_STYLE = Automatic;
				CURRENT_PROJECT_VERSION = 1;
				GENERATE_INFOPLIST_FILE = YES;
				IPHONEOS_DEPLOYMENT_TARGET = 18.0;
				MARKETING_VERSION = 1.0;
				PRODUCT_BUNDLE_IDENTIFIER = "com.test.Programmatic-UITests";
				PRODUCT_NAME = "$(TARGET_NAME)";
				SWIFT_EMIT_LOC_STRINGS = NO;
				SWIFT_VERSION = 5.0;
				TARGETED_DEVICE_FAMILY = "1,2";
				TEST_HOST = "$(BUILT_PRODUCTS_DIR)/Programmatic-UI.app/$(BUNDLE_EXECUTABLE_FOLDER_PATH)/Programmatic-UI";
			};
			name = Debug;
		};
		9B3928FA2CC50B3E00773082 /* Release */ = {
			isa = XCBuildConfiguration;
			buildSettings = {
				BUNDLE_LOADER = "$(TEST_HOST)";
				CODE_SIGN_STYLE = Automatic;
				CURRENT_PROJECT_VERSION = 1;
				GENERATE_INFOPLIST_FILE = YES;
				IPHONEOS_DEPLOYMENT_TARGET = 18.0;
				MARKETING_VERSION = 1.0;
				PRODUCT_BUNDLE_IDENTIFIER = "com.test.Programmatic-UITests";
				PRODUCT_NAME = "$(TARGET_NAME)";
				SWIFT_EMIT_LOC_STRINGS = NO;
				SWIFT_VERSION = 5.0;
				TARGETED_DEVICE_FAMILY = "1,2";
				TEST_HOST = "$(BUILT_PRODUCTS_DIR)/Programmatic-UI.app/$(BUNDLE_EXECUTABLE_FOLDER_PATH)/Programmatic-UI";
			};
			name = Release;
		};
		9B3928FC2CC50B3E00773082 /* Debug */ = {
			isa = XCBuildConfiguration;
			buildSettings = {
				CODE_SIGN_STYLE = Automatic;
				CURRENT_PROJECT_VERSION = 1;
				GENERATE_INFOPLIST_FILE = YES;
				MARKETING_VERSION = 1.0;
				PRODUCT_BUNDLE_IDENTIFIER = "com.test.Programmatic-UIUITests";
				PRODUCT_NAME = "$(TARGET_NAME)";
				SWIFT_EMIT_LOC_STRINGS = NO;
				SWIFT_VERSION = 5.0;
				TARGETED_DEVICE_FAMILY = "1,2";
				TEST_TARGET_NAME = "Programmatic-UI";
			};
			name = Debug;
		};
		9B3928FD2CC50B3E00773082 /* Release */ = {
			isa = XCBuildConfiguration;
			buildSettings = {
				CODE_SIGN_STYLE = Automatic;
				CURRENT_PROJECT_VERSION = 1;
				GENERATE_INFOPLIST_FILE = YES;
				MARKETING_VERSION = 1.0;
				PRODUCT_BUNDLE_IDENTIFIER = "com.test.Programmatic-UIUITests";
				PRODUCT_NAME = "$(TARGET_NAME)";
				SWIFT_EMIT_LOC_STRINGS = NO;
				SWIFT_VERSION = 5.0;
				TARGETED_DEVICE_FAMILY = "1,2";
				TEST_TARGET_NAME = "Programmatic-UI";
			};
			name = Release;
		};
/* End XCBuildConfiguration section */

/* Begin XCConfigurationList section */
		9B3928C52CC50B3C00773082 /* Build configuration list for PBXProject "Programmatic-UI" */ = {
			isa = XCConfigurationList;
			buildConfigurations = (
				9B3928F62CC50B3E00773082 /* Debug */,
				9B3928F72CC50B3E00773082 /* Release */,
			);
			defaultConfigurationIsVisible = 0;
			defaultConfigurationName = Release;
		};
		9B3928F32CC50B3E00773082 /* Build configuration list for PBXNativeTarget "Programmatic-UI" */ = {
			isa = XCConfigurationList;
			buildConfigurations = (
				9B3928F42CC50B3E00773082 /* Debug */,
				9B3928F52CC50B3E00773082 /* Release */,
			);
			defaultConfigurationIsVisible = 0;
			defaultConfigurationName = Release;
		};
		9B3928F82CC50B3E00773082 /* Build configuration list for PBXNativeTarget "Programmatic-UITests" */ = {
			isa = XCConfigurationList;
			buildConfigurations = (
				9B3928F92CC50B3E00773082 /* Debug */,
				9B3928FA2CC50B3E00773082 /* Release */,
			);
			defaultConfigurationIsVisible = 0;
			defaultConfigurationName = Release;
		};
		9B3928FB2CC50B3E00773082 /* Build configuration list for PBXNativeTarget "Programmatic-UIUITests" */ = {
			isa = XCConfigurationList;
			buildConfigurations = (
				9B3928FC2CC50B3E00773082 /* Debug */,
				9B3928FD2CC50B3E00773082 /* Release */,
			);
			defaultConfigurationIsVisible = 0;
			defaultConfigurationName = Release;
		};
/* End XCConfigurationList section */
	};
	rootObject = 9B3928C22CC50B3C00773082 /* Project object */;
}
